// !$*UTF8*$!
{
	archiveVersion = 1;
	classes = {
	};
	objectVersion = 46;
	objects = {

/* Begin PBXBuildFile section */
		FD1748061E0AD7D800515445 /* TSPostingMessagesManager.m in Sources */ = {isa = PBXBuildFile; fileRef = FD1748051E0AD7D800515445 /* TSPostingMessagesManager.m */; };
		FD17480D1E0AE01A00515445 /* NSString+TSString.m in Sources */ = {isa = PBXBuildFile; fileRef = FD17480C1E0AE01A00515445 /* NSString+TSString.m */; };
		FD1748101E0B4BC200515445 /* TSInfoViewController.m in Sources */ = {isa = PBXBuildFile; fileRef = FD17480F1E0B4BC200515445 /* TSInfoViewController.m */; };
		FD4418491E092A9000FDDFB1 /* main.m in Sources */ = {isa = PBXBuildFile; fileRef = FD4418481E092A9000FDDFB1 /* main.m */; };
		FD44184C1E092A9000FDDFB1 /* AppDelegate.m in Sources */ = {isa = PBXBuildFile; fileRef = FD44184B1E092A9000FDDFB1 /* AppDelegate.m */; };
		FD4418521E092A9100FDDFB1 /* Main.storyboard in Resources */ = {isa = PBXBuildFile; fileRef = FD4418501E092A9100FDDFB1 /* Main.storyboard */; };
		FD4418541E092A9100FDDFB1 /* Assets.xcassets in Resources */ = {isa = PBXBuildFile; fileRef = FD4418531E092A9100FDDFB1 /* Assets.xcassets */; };
		FD4418571E092A9100FDDFB1 /* LaunchScreen.storyboard in Resources */ = {isa = PBXBuildFile; fileRef = FD4418551E092A9100FDDFB1 /* LaunchScreen.storyboard */; };
		FD4418621E092A9100FDDFB1 /* Tracker_configuratorTests.m in Sources */ = {isa = PBXBuildFile; fileRef = FD4418611E092A9100FDDFB1 /* Tracker_configuratorTests.m */; };
		FD44186D1E092A9100FDDFB1 /* Tracker_configuratorUITests.m in Sources */ = {isa = PBXBuildFile; fileRef = FD44186C1E092A9100FDDFB1 /* Tracker_configuratorUITests.m */; };
		FD44187C1E093DAB00FDDFB1 /* TSMainViewController.m in Sources */ = {isa = PBXBuildFile; fileRef = FD44187B1E093DAB00FDDFB1 /* TSMainViewController.m */; };
		FDA7846B1E09A5F6007D623A /* TSGeoFenceViewController.m in Sources */ = {isa = PBXBuildFile; fileRef = FDA7846A1E09A5F6007D623A /* TSGeoFenceViewController.m */; };
		FDA7846E1E09A65E007D623A /* TSSettingsViewController.m in Sources */ = {isa = PBXBuildFile; fileRef = FDA7846D1E09A65E007D623A /* TSSettingsViewController.m */; };
/* End PBXBuildFile section */

/* Begin PBXContainerItemProxy section */
		FD44185E1E092A9100FDDFB1 /* PBXContainerItemProxy */ = {
			isa = PBXContainerItemProxy;
			containerPortal = FD44183C1E092A8F00FDDFB1 /* Project object */;
			proxyType = 1;
			remoteGlobalIDString = FD4418431E092A8F00FDDFB1;
			remoteInfo = "Tracker configurator";
		};
		FD4418691E092A9100FDDFB1 /* PBXContainerItemProxy */ = {
			isa = PBXContainerItemProxy;
			containerPortal = FD44183C1E092A8F00FDDFB1 /* Project object */;
			proxyType = 1;
			remoteGlobalIDString = FD4418431E092A8F00FDDFB1;
			remoteInfo = "Tracker configurator";
		};
/* End PBXContainerItemProxy section */

/* Begin PBXFileReference section */
		FD1748041E0AD7D800515445 /* TSPostingMessagesManager.h */ = {isa = PBXFileReference; fileEncoding = 4; lastKnownFileType = sourcecode.c.h; path = TSPostingMessagesManager.h; sourceTree = "<group>"; };
		FD1748051E0AD7D800515445 /* TSPostingMessagesManager.m */ = {isa = PBXFileReference; fileEncoding = 4; lastKnownFileType = sourcecode.c.objc; path = TSPostingMessagesManager.m; sourceTree = "<group>"; };
		FD17480B1E0AE01A00515445 /* NSString+TSString.h */ = {isa = PBXFileReference; fileEncoding = 4; lastKnownFileType = sourcecode.c.h; path = "NSString+TSString.h"; sourceTree = "<group>"; };
		FD17480C1E0AE01A00515445 /* NSString+TSString.m */ = {isa = PBXFileReference; fileEncoding = 4; lastKnownFileType = sourcecode.c.objc; path = "NSString+TSString.m"; sourceTree = "<group>"; };
		FD17480E1E0B4BC100515445 /* TSInfoViewController.h */ = {isa = PBXFileReference; fileEncoding = 4; lastKnownFileType = sourcecode.c.h; path = TSInfoViewController.h; sourceTree = "<group>"; };
		FD17480F1E0B4BC200515445 /* TSInfoViewController.m */ = {isa = PBXFileReference; fileEncoding = 4; lastKnownFileType = sourcecode.c.objc; path = TSInfoViewController.m; sourceTree = "<group>"; };
		FD4418441E092A9000FDDFB1 /* Tracker configurator.app */ = {isa = PBXFileReference; explicitFileType = wrapper.application; includeInIndex = 0; path = "Tracker configurator.app"; sourceTree = BUILT_PRODUCTS_DIR; };
		FD4418481E092A9000FDDFB1 /* main.m */ = {isa = PBXFileReference; lastKnownFileType = sourcecode.c.objc; path = main.m; sourceTree = "<group>"; };
		FD44184A1E092A9000FDDFB1 /* AppDelegate.h */ = {isa = PBXFileReference; lastKnownFileType = sourcecode.c.h; path = AppDelegate.h; sourceTree = "<group>"; };
		FD44184B1E092A9000FDDFB1 /* AppDelegate.m */ = {isa = PBXFileReference; lastKnownFileType = sourcecode.c.objc; path = AppDelegate.m; sourceTree = "<group>"; };
		FD4418511E092A9100FDDFB1 /* Base */ = {isa = PBXFileReference; lastKnownFileType = file.storyboard; name = Base; path = Base.lproj/Main.storyboard; sourceTree = "<group>"; };
		FD4418531E092A9100FDDFB1 /* Assets.xcassets */ = {isa = PBXFileReference; lastKnownFileType = folder.assetcatalog; path = Assets.xcassets; sourceTree = "<group>"; };
		FD4418561E092A9100FDDFB1 /* Base */ = {isa = PBXFileReference; lastKnownFileType = file.storyboard; name = Base; path = Base.lproj/LaunchScreen.storyboard; sourceTree = "<group>"; };
		FD4418581E092A9100FDDFB1 /* Info.plist */ = {isa = PBXFileReference; lastKnownFileType = text.plist.xml; path = Info.plist; sourceTree = "<group>"; };
		FD44185D1E092A9100FDDFB1 /* Tracker configuratorTests.xctest */ = {isa = PBXFileReference; explicitFileType = wrapper.cfbundle; includeInIndex = 0; path = "Tracker configuratorTests.xctest"; sourceTree = BUILT_PRODUCTS_DIR; };
		FD4418611E092A9100FDDFB1 /* Tracker_configuratorTests.m */ = {isa = PBXFileReference; lastKnownFileType = sourcecode.c.objc; path = Tracker_configuratorTests.m; sourceTree = "<group>"; };
		FD4418631E092A9100FDDFB1 /* Info.plist */ = {isa = PBXFileReference; lastKnownFileType = text.plist.xml; path = Info.plist; sourceTree = "<group>"; };
		FD4418681E092A9100FDDFB1 /* Tracker configuratorUITests.xctest */ = {isa = PBXFileReference; explicitFileType = wrapper.cfbundle; includeInIndex = 0; path = "Tracker configuratorUITests.xctest"; sourceTree = BUILT_PRODUCTS_DIR; };
		FD44186C1E092A9100FDDFB1 /* Tracker_configuratorUITests.m */ = {isa = PBXFileReference; lastKnownFileType = sourcecode.c.objc; path = Tracker_configuratorUITests.m; sourceTree = "<group>"; };
		FD44186E1E092A9100FDDFB1 /* Info.plist */ = {isa = PBXFileReference; lastKnownFileType = text.plist.xml; path = Info.plist; sourceTree = "<group>"; };
		FD44187A1E093DAB00FDDFB1 /* TSMainViewController.h */ = {isa = PBXFileReference; fileEncoding = 4; lastKnownFileType = sourcecode.c.h; path = TSMainViewController.h; sourceTree = "<group>"; };
		FD44187B1E093DAB00FDDFB1 /* TSMainViewController.m */ = {isa = PBXFileReference; fileEncoding = 4; lastKnownFileType = sourcecode.c.objc; path = TSMainViewController.m; sourceTree = "<group>"; };
		FDA784681E09615F007D623A /* TSTrackerConfigurationPrefixHeader.pch */ = {isa = PBXFileReference; lastKnownFileType = sourcecode.c.h; path = TSTrackerConfigurationPrefixHeader.pch; sourceTree = "<group>"; };
		FDA784691E09A5F6007D623A /* TSGeoFenceViewController.h */ = {isa = PBXFileReference; fileEncoding = 4; lastKnownFileType = sourcecode.c.h; path = TSGeoFenceViewController.h; sourceTree = "<group>"; };
		FDA7846A1E09A5F6007D623A /* TSGeoFenceViewController.m */ = {isa = PBXFileReference; fileEncoding = 4; lastKnownFileType = sourcecode.c.objc; path = TSGeoFenceViewController.m; sourceTree = "<group>"; };
		FDA7846C1E09A65E007D623A /* TSSettingsViewController.h */ = {isa = PBXFileReference; fileEncoding = 4; lastKnownFileType = sourcecode.c.h; path = TSSettingsViewController.h; sourceTree = "<group>"; };
		FDA7846D1E09A65E007D623A /* TSSettingsViewController.m */ = {isa = PBXFileReference; fileEncoding = 4; lastKnownFileType = sourcecode.c.objc; path = TSSettingsViewController.m; sourceTree = "<group>"; };
/* End PBXFileReference section */

/* Begin PBXFrameworksBuildPhase section */
		FD4418411E092A8F00FDDFB1 /* Frameworks */ = {
			isa = PBXFrameworksBuildPhase;
			buildActionMask = 2147483647;
			files = (
			);
			runOnlyForDeploymentPostprocessing = 0;
		};
		FD44185A1E092A9100FDDFB1 /* Frameworks */ = {
			isa = PBXFrameworksBuildPhase;
			buildActionMask = 2147483647;
			files = (
			);
			runOnlyForDeploymentPostprocessing = 0;
		};
		FD4418651E092A9100FDDFB1 /* Frameworks */ = {
			isa = PBXFrameworksBuildPhase;
			buildActionMask = 2147483647;
			files = (
			);
			runOnlyForDeploymentPostprocessing = 0;
		};
/* End PBXFrameworksBuildPhase section */

/* Begin PBXGroup section */
		FD1748031E0AD78800515445 /* Manager */ = {
			isa = PBXGroup;
			children = (
				FD1748041E0AD7D800515445 /* TSPostingMessagesManager.h */,
				FD1748051E0AD7D800515445 /* TSPostingMessagesManager.m */,
			);
			name = Manager;
			sourceTree = "<group>";
		};
		FD1748071E0AD81100515445 /* App */ = {
			isa = PBXGroup;
			children = (
				FD44184A1E092A9000FDDFB1 /* AppDelegate.h */,
				FD44184B1E092A9000FDDFB1 /* AppDelegate.m */,
			);
			name = App;
			sourceTree = "<group>";
		};
		FD1748081E0AD83200515445 /* Controllers */ = {
			isa = PBXGroup;
			children = (
				FD44187A1E093DAB00FDDFB1 /* TSMainViewController.h */,
				FD44187B1E093DAB00FDDFB1 /* TSMainViewController.m */,
				FDA784691E09A5F6007D623A /* TSGeoFenceViewController.h */,
				FDA7846A1E09A5F6007D623A /* TSGeoFenceViewController.m */,
				FDA7846C1E09A65E007D623A /* TSSettingsViewController.h */,
				FDA7846D1E09A65E007D623A /* TSSettingsViewController.m */,
				FD17480E1E0B4BC100515445 /* TSInfoViewController.h */,
				FD17480F1E0B4BC200515445 /* TSInfoViewController.m */,
			);
			name = Controllers;
			sourceTree = "<group>";
		};
		FD1748091E0AD84600515445 /* Storyboard */ = {
			isa = PBXGroup;
			children = (
				FD4418501E092A9100FDDFB1 /* Main.storyboard */,
			);
			name = Storyboard;
			sourceTree = "<group>";
		};
		FD17480A1E0ADFA000515445 /* Сategory */ = {
			isa = PBXGroup;
			children = (
				FD17480B1E0AE01A00515445 /* NSString+TSString.h */,
				FD17480C1E0AE01A00515445 /* NSString+TSString.m */,
			);
			name = "Сategory";
			sourceTree = "<group>";
		};
		FD44183B1E092A8F00FDDFB1 = {
			isa = PBXGroup;
			children = (
				FD4418461E092A9000FDDFB1 /* Tracker configurator */,
				FD4418601E092A9100FDDFB1 /* Tracker configuratorTests */,
				FD44186B1E092A9100FDDFB1 /* Tracker configuratorUITests */,
				FD4418451E092A9000FDDFB1 /* Products */,
			);
			sourceTree = "<group>";
		};
		FD4418451E092A9000FDDFB1 /* Products */ = {
			isa = PBXGroup;
			children = (
				FD4418441E092A9000FDDFB1 /* Tracker configurator.app */,
				FD44185D1E092A9100FDDFB1 /* Tracker configuratorTests.xctest */,
				FD4418681E092A9100FDDFB1 /* Tracker configuratorUITests.xctest */,
			);
			name = Products;
			sourceTree = "<group>";
		};
		FD4418461E092A9000FDDFB1 /* Tracker configurator */ = {
			isa = PBXGroup;
			children = (
				FD1748071E0AD81100515445 /* App */,
				FD17480A1E0ADFA000515445 /* Сategory */,
				FD1748031E0AD78800515445 /* Manager */,
				FD1748081E0AD83200515445 /* Controllers */,
				FD1748091E0AD84600515445 /* Storyboard */,
				FD4418531E092A9100FDDFB1 /* Assets.xcassets */,
				FD4418551E092A9100FDDFB1 /* LaunchScreen.storyboard */,
				FD4418581E092A9100FDDFB1 /* Info.plist */,
				FD4418471E092A9000FDDFB1 /* Supporting Files */,
				FDA784681E09615F007D623A /* TSTrackerConfigurationPrefixHeader.pch */,
			);
			path = "Tracker configurator";
			sourceTree = "<group>";
		};
		FD4418471E092A9000FDDFB1 /* Supporting Files */ = {
			isa = PBXGroup;
			children = (
				FD4418481E092A9000FDDFB1 /* main.m */,
			);
			name = "Supporting Files";
			sourceTree = "<group>";
		};
		FD4418601E092A9100FDDFB1 /* Tracker configuratorTests */ = {
			isa = PBXGroup;
			children = (
				FD4418611E092A9100FDDFB1 /* Tracker_configuratorTests.m */,
				FD4418631E092A9100FDDFB1 /* Info.plist */,
			);
			path = "Tracker configuratorTests";
			sourceTree = "<group>";
		};
		FD44186B1E092A9100FDDFB1 /* Tracker configuratorUITests */ = {
			isa = PBXGroup;
			children = (
				FD44186C1E092A9100FDDFB1 /* Tracker_configuratorUITests.m */,
				FD44186E1E092A9100FDDFB1 /* Info.plist */,
			);
			path = "Tracker configuratorUITests";
			sourceTree = "<group>";
		};
/* End PBXGroup section */

/* Begin PBXNativeTarget section */
		FD4418431E092A8F00FDDFB1 /* Tracker configurator */ = {
			isa = PBXNativeTarget;
			buildConfigurationList = FD4418711E092A9100FDDFB1 /* Build configuration list for PBXNativeTarget "Tracker configurator" */;
			buildPhases = (
				FD4418401E092A8F00FDDFB1 /* Sources */,
				FD4418411E092A8F00FDDFB1 /* Frameworks */,
				FD4418421E092A8F00FDDFB1 /* Resources */,
			);
			buildRules = (
			);
			dependencies = (
			);
			name = "Tracker configurator";
			productName = "Tracker configurator";
			productReference = FD4418441E092A9000FDDFB1 /* Tracker configurator.app */;
			productType = "com.apple.product-type.application";
		};
		FD44185C1E092A9100FDDFB1 /* Tracker configuratorTests */ = {
			isa = PBXNativeTarget;
			buildConfigurationList = FD4418741E092A9100FDDFB1 /* Build configuration list for PBXNativeTarget "Tracker configuratorTests" */;
			buildPhases = (
				FD4418591E092A9100FDDFB1 /* Sources */,
				FD44185A1E092A9100FDDFB1 /* Frameworks */,
				FD44185B1E092A9100FDDFB1 /* Resources */,
			);
			buildRules = (
			);
			dependencies = (
				FD44185F1E092A9100FDDFB1 /* PBXTargetDependency */,
			);
			name = "Tracker configuratorTests";
			productName = "Tracker configuratorTests";
			productReference = FD44185D1E092A9100FDDFB1 /* Tracker configuratorTests.xctest */;
			productType = "com.apple.product-type.bundle.unit-test";
		};
		FD4418671E092A9100FDDFB1 /* Tracker configuratorUITests */ = {
			isa = PBXNativeTarget;
			buildConfigurationList = FD4418771E092A9100FDDFB1 /* Build configuration list for PBXNativeTarget "Tracker configuratorUITests" */;
			buildPhases = (
				FD4418641E092A9100FDDFB1 /* Sources */,
				FD4418651E092A9100FDDFB1 /* Frameworks */,
				FD4418661E092A9100FDDFB1 /* Resources */,
			);
			buildRules = (
			);
			dependencies = (
				FD44186A1E092A9100FDDFB1 /* PBXTargetDependency */,
			);
			name = "Tracker configuratorUITests";
			productName = "Tracker configuratorUITests";
			productReference = FD4418681E092A9100FDDFB1 /* Tracker configuratorUITests.xctest */;
			productType = "com.apple.product-type.bundle.ui-testing";
		};
/* End PBXNativeTarget section */

/* Begin PBXProject section */
		FD44183C1E092A8F00FDDFB1 /* Project object */ = {
			isa = PBXProject;
			attributes = {
				LastUpgradeCheck = 0810;
				ORGANIZATIONNAME = Mac;
				TargetAttributes = {
					FD4418431E092A8F00FDDFB1 = {
						CreatedOnToolsVersion = 8.1;
						DevelopmentTeam = 2ZQMG97HLH;
						ProvisioningStyle = Automatic;
					};
					FD44185C1E092A9100FDDFB1 = {
						CreatedOnToolsVersion = 8.1;
						ProvisioningStyle = Automatic;
						TestTargetID = FD4418431E092A8F00FDDFB1;
					};
					FD4418671E092A9100FDDFB1 = {
						CreatedOnToolsVersion = 8.1;
						ProvisioningStyle = Automatic;
						TestTargetID = FD4418431E092A8F00FDDFB1;
					};
				};
			};
			buildConfigurationList = FD44183F1E092A8F00FDDFB1 /* Build configuration list for PBXProject "Tracker configurator" */;
			compatibilityVersion = "Xcode 3.2";
			developmentRegion = English;
			hasScannedForEncodings = 0;
			knownRegions = (
				en,
				Base,
			);
			mainGroup = FD44183B1E092A8F00FDDFB1;
			productRefGroup = FD4418451E092A9000FDDFB1 /* Products */;
			projectDirPath = "";
			projectRoot = "";
			targets = (
				FD4418431E092A8F00FDDFB1 /* Tracker configurator */,
				FD44185C1E092A9100FDDFB1 /* Tracker configuratorTests */,
				FD4418671E092A9100FDDFB1 /* Tracker configuratorUITests */,
			);
		};
/* End PBXProject section */

/* Begin PBXResourcesBuildPhase section */
		FD4418421E092A8F00FDDFB1 /* Resources */ = {
			isa = PBXResourcesBuildPhase;
			buildActionMask = 2147483647;
			files = (
				FD4418571E092A9100FDDFB1 /* LaunchScreen.storyboard in Resources */,
				FD4418541E092A9100FDDFB1 /* Assets.xcassets in Resources */,
				FD4418521E092A9100FDDFB1 /* Main.storyboard in Resources */,
			);
			runOnlyForDeploymentPostprocessing = 0;
		};
		FD44185B1E092A9100FDDFB1 /* Resources */ = {
			isa = PBXResourcesBuildPhase;
			buildActionMask = 2147483647;
			files = (
			);
			runOnlyForDeploymentPostprocessing = 0;
		};
		FD4418661E092A9100FDDFB1 /* Resources */ = {
			isa = PBXResourcesBuildPhase;
			buildActionMask = 2147483647;
			files = (
			);
			runOnlyForDeploymentPostprocessing = 0;
		};
/* End PBXResourcesBuildPhase section */

/* Begin PBXSourcesBuildPhase section */
		FD4418401E092A8F00FDDFB1 /* Sources */ = {
			isa = PBXSourcesBuildPhase;
			buildActionMask = 2147483647;
			files = (
				FD44184C1E092A9000FDDFB1 /* AppDelegate.m in Sources */,
				FDA7846E1E09A65E007D623A /* TSSettingsViewController.m in Sources */,
				FDA7846B1E09A5F6007D623A /* TSGeoFenceViewController.m in Sources */,
				FD1748101E0B4BC200515445 /* TSInfoViewController.m in Sources */,
				FD1748061E0AD7D800515445 /* TSPostingMessagesManager.m in Sources */,
				FD44187C1E093DAB00FDDFB1 /* TSMainViewController.m in Sources */,
				FD4418491E092A9000FDDFB1 /* main.m in Sources */,
				FD17480D1E0AE01A00515445 /* NSString+TSString.m in Sources */,
			);
			runOnlyForDeploymentPostprocessing = 0;
		};
		FD4418591E092A9100FDDFB1 /* Sources */ = {
			isa = PBXSourcesBuildPhase;
			buildActionMask = 2147483647;
			files = (
				FD4418621E092A9100FDDFB1 /* Tracker_configuratorTests.m in Sources */,
			);
			runOnlyForDeploymentPostprocessing = 0;
		};
		FD4418641E092A9100FDDFB1 /* Sources */ = {
			isa = PBXSourcesBuildPhase;
			buildActionMask = 2147483647;
			files = (
				FD44186D1E092A9100FDDFB1 /* Tracker_configuratorUITests.m in Sources */,
			);
			runOnlyForDeploymentPostprocessing = 0;
		};
/* End PBXSourcesBuildPhase section */

/* Begin PBXTargetDependency section */
		FD44185F1E092A9100FDDFB1 /* PBXTargetDependency */ = {
			isa = PBXTargetDependency;
			target = FD4418431E092A8F00FDDFB1 /* Tracker configurator */;
			targetProxy = FD44185E1E092A9100FDDFB1 /* PBXContainerItemProxy */;
		};
		FD44186A1E092A9100FDDFB1 /* PBXTargetDependency */ = {
			isa = PBXTargetDependency;
			target = FD4418431E092A8F00FDDFB1 /* Tracker configurator */;
			targetProxy = FD4418691E092A9100FDDFB1 /* PBXContainerItemProxy */;
		};
/* End PBXTargetDependency section */

/* Begin PBXVariantGroup section */
		FD4418501E092A9100FDDFB1 /* Main.storyboard */ = {
			isa = PBXVariantGroup;
			children = (
				FD4418511E092A9100FDDFB1 /* Base */,
			);
			name = Main.storyboard;
			sourceTree = "<group>";
		};
		FD4418551E092A9100FDDFB1 /* LaunchScreen.storyboard */ = {
			isa = PBXVariantGroup;
			children = (
				FD4418561E092A9100FDDFB1 /* Base */,
			);
			name = LaunchScreen.storyboard;
			sourceTree = "<group>";
		};
/* End PBXVariantGroup section */

/* Begin XCBuildConfiguration section */
		FD44186F1E092A9100FDDFB1 /* Debug */ = {
			isa = XCBuildConfiguration;
			buildSettings = {
				ALWAYS_SEARCH_USER_PATHS = NO;
				CLANG_ANALYZER_NONNULL = YES;
				CLANG_CXX_LANGUAGE_STANDARD = "gnu++0x";
				CLANG_CXX_LIBRARY = "libc++";
				CLANG_ENABLE_MODULES = YES;
				CLANG_ENABLE_OBJC_ARC = YES;
				CLANG_WARN_BOOL_CONVERSION = YES;
				CLANG_WARN_CONSTANT_CONVERSION = YES;
				CLANG_WARN_DIRECT_OBJC_ISA_USAGE = YES_ERROR;
				CLANG_WARN_DOCUMENTATION_COMMENTS = YES;
				CLANG_WARN_EMPTY_BODY = YES;
				CLANG_WARN_ENUM_CONVERSION = YES;
				CLANG_WARN_INFINITE_RECURSION = YES;
				CLANG_WARN_INT_CONVERSION = YES;
				CLANG_WARN_OBJC_ROOT_CLASS = YES_ERROR;
				CLANG_WARN_SUSPICIOUS_MOVES = YES;
				CLANG_WARN_UNREACHABLE_CODE = YES;
				CLANG_WARN__DUPLICATE_METHOD_MATCH = YES;
				"CODE_SIGN_IDENTITY[sdk=iphoneos*]" = "iPhone Developer";
				COPY_PHASE_STRIP = NO;
				DEBUG_INFORMATION_FORMAT = dwarf;
				ENABLE_STRICT_OBJC_MSGSEND = YES;
				ENABLE_TESTABILITY = YES;
				GCC_C_LANGUAGE_STANDARD = gnu99;
				GCC_DYNAMIC_NO_PIC = NO;
				GCC_NO_COMMON_BLOCKS = YES;
				GCC_OPTIMIZATION_LEVEL = 0;
				GCC_PREPROCESSOR_DEFINITIONS = (
					"DEBUG=1",
					"$(inherited)",
				);
				GCC_WARN_64_TO_32_BIT_CONVERSION = YES;
				GCC_WARN_ABOUT_RETURN_TYPE = YES_ERROR;
				GCC_WARN_UNDECLARED_SELECTOR = YES;
				GCC_WARN_UNINITIALIZED_AUTOS = YES_AGGRESSIVE;
				GCC_WARN_UNUSED_FUNCTION = YES;
				GCC_WARN_UNUSED_VARIABLE = YES;
				IPHONEOS_DEPLOYMENT_TARGET = 10.1;
				MTL_ENABLE_DEBUG_INFO = YES;
				ONLY_ACTIVE_ARCH = YES;
				SDKROOT = iphoneos;
				TARGETED_DEVICE_FAMILY = "1,2";
			};
			name = Debug;
		};
		FD4418701E092A9100FDDFB1 /* Release */ = {
			isa = XCBuildConfiguration;
			buildSettings = {
				ALWAYS_SEARCH_USER_PATHS = NO;
				CLANG_ANALYZER_NONNULL = YES;
				CLANG_CXX_LANGUAGE_STANDARD = "gnu++0x";
				CLANG_CXX_LIBRARY = "libc++";
				CLANG_ENABLE_MODULES = YES;
				CLANG_ENABLE_OBJC_ARC = YES;
				CLANG_WARN_BOOL_CONVERSION = YES;
				CLANG_WARN_CONSTANT_CONVERSION = YES;
				CLANG_WARN_DIRECT_OBJC_ISA_USAGE = YES_ERROR;
				CLANG_WARN_DOCUMENTATION_COMMENTS = YES;
				CLANG_WARN_EMPTY_BODY = YES;
				CLANG_WARN_ENUM_CONVERSION = YES;
				CLANG_WARN_INFINITE_RECURSION = YES;
				CLANG_WARN_INT_CONVERSION = YES;
				CLANG_WARN_OBJC_ROOT_CLASS = YES_ERROR;
				CLANG_WARN_SUSPICIOUS_MOVES = YES;
				CLANG_WARN_UNREACHABLE_CODE = YES;
				CLANG_WARN__DUPLICATE_METHOD_MATCH = YES;
				"CODE_SIGN_IDENTITY[sdk=iphoneos*]" = "iPhone Developer";
				COPY_PHASE_STRIP = NO;
				DEBUG_INFORMATION_FORMAT = "dwarf-with-dsym";
				ENABLE_NS_ASSERTIONS = NO;
				ENABLE_STRICT_OBJC_MSGSEND = YES;
				GCC_C_LANGUAGE_STANDARD = gnu99;
				GCC_NO_COMMON_BLOCKS = YES;
				GCC_WARN_64_TO_32_BIT_CONVERSION = YES;
				GCC_WARN_ABOUT_RETURN_TYPE = YES_ERROR;
				GCC_WARN_UNDECLARED_SELECTOR = YES;
				GCC_WARN_UNINITIALIZED_AUTOS = YES_AGGRESSIVE;
				GCC_WARN_UNUSED_FUNCTION = YES;
				GCC_WARN_UNUSED_VARIABLE = YES;
				IPHONEOS_DEPLOYMENT_TARGET = 10.1;
				MTL_ENABLE_DEBUG_INFO = NO;
				SDKROOT = iphoneos;
				TARGETED_DEVICE_FAMILY = "1,2";
				VALIDATE_PRODUCT = YES;
			};
			name = Release;
		};
		FD4418721E092A9100FDDFB1 /* Debug */ = {
			isa = XCBuildConfiguration;
			buildSettings = {
				ASSETCATALOG_COMPILER_APPICON_NAME = AppIcon;
				DEVELOPMENT_TEAM = 2ZQMG97HLH;
				INFOPLIST_FILE = "Tracker configurator/Info.plist";
				IPHONEOS_DEPLOYMENT_TARGET = 8.1;
				LD_RUNPATH_SEARCH_PATHS = "$(inherited) @executable_path/Frameworks";
				PRODUCT_BUNDLE_IDENTIFIER = "Tsvigun-Sasha.Tracker-configurator";
				PRODUCT_NAME = "$(TARGET_NAME)";
			};
			name = Debug;
		};
		FD4418731E092A9100FDDFB1 /* Release */ = {
			isa = XCBuildConfiguration;
			buildSettings = {
				ASSETCATALOG_COMPILER_APPICON_NAME = AppIcon;
				DEVELOPMENT_TEAM = 2ZQMG97HLH;
				INFOPLIST_FILE = "Tracker configurator/Info.plist";
				IPHONEOS_DEPLOYMENT_TARGET = 8.1;
				LD_RUNPATH_SEARCH_PATHS = "$(inherited) @executable_path/Frameworks";
				PRODUCT_BUNDLE_IDENTIFIER = "Tsvigun-Sasha.Tracker-configurator";
				PRODUCT_NAME = "$(TARGET_NAME)";
			};
			name = Release;
		};
		FD4418751E092A9100FDDFB1 /* Debug */ = {
			isa = XCBuildConfiguration;
			buildSettings = {
				BUNDLE_LOADER = "$(TEST_HOST)";
				INFOPLIST_FILE = "Tracker configuratorTests/Info.plist";
				LD_RUNPATH_SEARCH_PATHS = "$(inherited) @executable_path/Frameworks @loader_path/Frameworks";
				PRODUCT_BUNDLE_IDENTIFIER = "Tsvigun-Sasha.Tracker-configuratorTests";
				PRODUCT_NAME = "$(TARGET_NAME)";
				TEST_HOST = "$(BUILT_PRODUCTS_DIR)/Tracker configurator.app/Tracker configurator";
			};
			name = Debug;
		};
		FD4418761E092A9100FDDFB1 /* Release */ = {
			isa = XCBuildConfiguration;
			buildSettings = {
				BUNDLE_LOADER = "$(TEST_HOST)";
				INFOPLIST_FILE = "Tracker configuratorTests/Info.plist";
				LD_RUNPATH_SEARCH_PATHS = "$(inherited) @executable_path/Frameworks @loader_path/Frameworks";
				PRODUCT_BUNDLE_IDENTIFIER = "Tsvigun-Sasha.Tracker-configuratorTests";
				PRODUCT_NAME = "$(TARGET_NAME)";
				TEST_HOST = "$(BUILT_PRODUCTS_DIR)/Tracker configurator.app/Tracker configurator";
			};
			name = Release;
		};
		FD4418781E092A9100FDDFB1 /* Debug */ = {
			isa = XCBuildConfiguration;
			buildSettings = {
				INFOPLIST_FILE = "Tracker configuratorUITests/Info.plist";
				LD_RUNPATH_SEARCH_PATHS = "$(inherited) @executable_path/Frameworks @loader_path/Frameworks";
				PRODUCT_BUNDLE_IDENTIFIER = "Tsvigun-Sasha.Tracker-configuratorUITests";
				PRODUCT_NAME = "$(TARGET_NAME)";
				TEST_TARGET_NAME = "Tracker configurator";
			};
			name = Debug;
		};
		FD4418791E092A9100FDDFB1 /* Release */ = {
			isa = XCBuildConfiguration;
			buildSettings = {
				INFOPLIST_FILE = "Tracker configuratorUITests/Info.plist";
				LD_RUNPATH_SEARCH_PATHS = "$(inherited) @executable_path/Frameworks @loader_path/Frameworks";
				PRODUCT_BUNDLE_IDENTIFIER = "Tsvigun-Sasha.Tracker-configuratorUITests";
				PRODUCT_NAME = "$(TARGET_NAME)";
				TEST_TARGET_NAME = "Tracker configurator";
			};
			name = Release;
		};
/* End XCBuildConfiguration section */

/* Begin XCConfigurationList section */
		FD44183F1E092A8F00FDDFB1 /* Build configuration list for PBXProject "Tracker configurator" */ = {
			isa = XCConfigurationList;
			buildConfigurations = (
				FD44186F1E092A9100FDDFB1 /* Debug */,
				FD4418701E092A9100FDDFB1 /* Release */,
			);
			defaultConfigurationIsVisible = 0;
			defaultConfigurationName = Release;
		};
		FD4418711E092A9100FDDFB1 /* Build configuration list for PBXNativeTarget "Tracker configurator" */ = {
			isa = XCConfigurationList;
			buildConfigurations = (
				FD4418721E092A9100FDDFB1 /* Debug */,
				FD4418731E092A9100FDDFB1 /* Release */,
			);
			defaultConfigurationIsVisible = 0;
			defaultConfigurationName = Release;
		};
		FD4418741E092A9100FDDFB1 /* Build configuration list for PBXNativeTarget "Tracker configuratorTests" */ = {
			isa = XCConfigurationList;
			buildConfigurations = (
				FD4418751E092A9100FDDFB1 /* Debug */,
				FD4418761E092A9100FDDFB1 /* Release */,
			);
			defaultConfigurationIsVisible = 0;
			defaultConfigurationName = Release;
		};
		FD4418771E092A9100FDDFB1 /* Build configuration list for PBXNativeTarget "Tracker configuratorUITests" */ = {
			isa = XCConfigurationList;
			buildConfigurations = (
				FD4418781E092A9100FDDFB1 /* Debug */,
				FD4418791E092A9100FDDFB1 /* Release */,
			);
			defaultConfigurationIsVisible = 0;
			defaultConfigurationName = Release;
		};
/* End XCConfigurationList section */
	};
	rootObject = FD44183C1E092A8F00FDDFB1 /* Project object */;
}
